<?xml version="1.0" encoding="utf-8"?>
<Project ToolsVersion="4.0" xmlns="http://schemas.microsoft.com/developer/msbuild/2003">
  <ItemGroup>
    <Filter Include="Source Files">
      <UniqueIdentifier>{8065b2f2-3141-47cc-ae7a-c1825b6cde90}</UniqueIdentifier>
      <Extensions>cpp;c;cxx;rc;def;r;odl;idl;hpj;bat</Extensions>
    </Filter>
    <Filter Include="Header Files">
      <UniqueIdentifier>{5367c714-fa3e-4bc6-8eab-2de9dfa717e2}</UniqueIdentifier>
      <Extensions>h;hpp;hxx;hm;inl</Extensions>
    </Filter>
    <Filter Include="Generated MOC Files">
      <UniqueIdentifier>{fe729890-6da0-4650-8d5f-b171506263b5}</UniqueIdentifier>
      <Extensions>cpp;c;cxx;moc</Extensions>
    </Filter>
    <Filter Include="Generated Form Files">
      <UniqueIdentifier>{0cf0de33-82ca-4f64-8ae7-f78962e549af}</UniqueIdentifier>
      <Extensions>cpp;c;cxx;h;hpp;hxx;</Extensions>
    </Filter>
    <Filter Include="Forms">
      <UniqueIdentifier>{9a56586e-d539-4a50-9558-9518c0f42a4b}</UniqueIdentifier>
      <Extensions>ui</Extensions>
      <ParseFiles>false</ParseFiles>
    </Filter>
    <Filter Include="Generated UI Files">
      <UniqueIdentifier>{3f3221df-8594-46e1-8a8b-bac40604a745}</UniqueIdentifier>
    </Filter>
  </ItemGroup>
  <ItemGroup>
    <ClCompile Include="..\..\..\apps\vaporgui\guis\animationeventrouter.cpp">
      <Filter>Source Files</Filter>
    </ClCompile>
    <ClCompile Include="..\..\..\apps\vaporgui\guis\arroweventrouter.cpp">
      <Filter>Source Files</Filter>
    </ClCompile>
    <ClCompile Include="..\..\..\apps\vaporgui\guis\boxsliderframe.cpp">
      <Filter>Source Files</Filter>
    </ClCompile>
    <ClCompile Include="..\..\..\apps\vaporgui\guis\eventrouter.cpp">
      <Filter>Source Files</Filter>
    </ClCompile>
    <ClCompile Include="..\..\..\apps\vaporgui\main\main.cpp">
      <Filter>Source Files</Filter>
    </ClCompile>
    <ClCompile Include="..\..\..\apps\vaporgui\main\mainform.cpp">
      <Filter>Source Files</Filter>
    </ClCompile>
    <ClCompile Include="..\..\..\apps\vaporgui\guis\regioneventrouter.cpp">
      <Filter>Source Files</Filter>
    </ClCompile>
    <ClCompile Include="..\..\..\apps\vaporgui\main\tabmanager.cpp">
      <Filter>Source Files</Filter>
    </ClCompile>
    <ClCompile Include="..\..\..\apps\vaporgui\guis\viewpointeventrouter.cpp">
      <Filter>Source Files</Filter>
    </ClCompile>
    <ClCompile Include="..\..\..\apps\vaporgui\guis\vizselectcombo.cpp">
      <Filter>Source Files</Filter>
    </ClCompile>
    <ClCompile Include="..\..\..\apps\vaporgui\main\vizwin.cpp">
      <Filter>Source Files</Filter>
    </ClCompile>
    <ClCompile Include="..\..\..\apps\vaporgui\moc\moc_animationeventrouter.cpp">
      <Filter>Generated MOC Files</Filter>
    </ClCompile>
    <ClCompile Include="..\..\..\apps\vaporgui\moc\moc_arroweventrouter.cpp">
      <Filter>Generated MOC Files</Filter>
    </ClCompile>
    <ClCompile Include="..\..\..\apps\vaporgui\moc\moc_boxsliderframe.cpp">
      <Filter>Generated MOC Files</Filter>
    </ClCompile>
    <ClCompile Include="..\..\..\apps\vaporgui\moc\moc_mainform.cpp">
      <Filter>Generated MOC Files</Filter>
    </ClCompile>
    <ClCompile Include="..\..\..\apps\vaporgui\moc\moc_regioneventrouter.cpp">
      <Filter>Generated MOC Files</Filter>
    </ClCompile>
    <ClCompile Include="..\..\..\apps\vaporgui\moc\moc_tabmanager.cpp">
      <Filter>Generated MOC Files</Filter>
    </ClCompile>
    <ClCompile Include="..\..\..\apps\vaporgui\moc\moc_viewpointeventrouter.cpp">
      <Filter>Generated MOC Files</Filter>
    </ClCompile>
    <ClCompile Include="..\..\..\apps\vaporgui\moc\moc_vizselectcombo.cpp">
      <Filter>Generated MOC Files</Filter>
    </ClCompile>
    <ClCompile Include="..\..\..\apps\vaporgui\moc\moc_vizwin.cpp">
      <Filter>Generated MOC Files</Filter>
    </ClCompile>
    <ClCompile Include="..\..\..\apps\vaporgui\main\vizwinmgr.cpp">
      <Filter>Source Files</Filter>
    </ClCompile>
    <ClCompile Include="..\..\..\apps\vaporgui\moc\moc_vizwinmgr.cpp">
      <Filter>Generated MOC Files</Filter>
    </ClCompile>
    <ClCompile Include="..\..\..\apps\vaporgui\misc\bannergui.cpp">
      <Filter>Source Files</Filter>
    </ClCompile>
    <ClCompile Include="..\..\..\apps\vaporgui\moc\moc_bannergui.cpp">
      <Filter>Generated MOC Files</Filter>
    </ClCompile>
    <ClCompile Include="..\..\..\apps\vaporgui\guis\renderholder.cpp">
      <Filter>Source Files</Filter>
    </ClCompile>
    <ClCompile Include="..\..\..\apps\vaporgui\moc\moc_renderholder.cpp">
      <Filter>Generated MOC Files</Filter>
    </ClCompile>
    <ClCompile Include="..\..\..\apps\vaporgui\guis\glisolinewindow.cpp">
      <Filter>Source Files</Filter>
    </ClCompile>
    <ClCompile Include="..\..\..\apps\vaporgui\guis\isolineeventrouter.cpp">
      <Filter>Source Files</Filter>
    </ClCompile>
    <ClCompile Include="..\..\..\apps\vaporgui\guis\isovalueeditor.cpp">
      <Filter>Source Files</Filter>
    </ClCompile>
    <ClCompile Include="..\..\..\apps\vaporgui\guis\mappingframe.cpp">
      <Filter>Source Files</Filter>
    </ClCompile>
    <ClCompile Include="..\..\..\apps\vaporgui\guis\ControlPointEditor.cpp">
      <Filter>Source Files</Filter>
    </ClCompile>
    <ClCompile Include="..\..\..\apps\vaporgui\moc\moc_ControlPointEditor.cpp">
      <Filter>Generated MOC Files</Filter>
    </ClCompile>
    <ClCompile Include="..\..\..\apps\vaporgui\moc\moc_isolineeventrouter.cpp">
      <Filter>Generated MOC Files</Filter>
    </ClCompile>
    <ClCompile Include="..\..\..\apps\vaporgui\moc\moc_isovalueeditor.cpp">
      <Filter>Generated MOC Files</Filter>
    </ClCompile>
    <ClCompile Include="..\..\..\apps\vaporgui\moc\moc_mappingframe.cpp">
      <Filter>Generated MOC Files</Filter>
    </ClCompile>
    <ClCompile Include="..\..\..\apps\vaporgui\guis\ColorbarWidget.cpp">
      <Filter>Source Files</Filter>
    </ClCompile>
    <ClCompile Include="..\..\..\apps\vaporgui\guis\GLWidget.cpp">
      <Filter>Source Files</Filter>
    </ClCompile>
    <ClCompile Include="..\..\..\apps\vaporgui\guis\OpacityWidget.cpp">
      <Filter>Source Files</Filter>
    </ClCompile>
    <ClCompile Include="..\..\..\apps\vaporgui\guis\DomainWidget.cpp">
      <Filter>Source Files</Filter>
    </ClCompile>
    <ClCompile Include="..\..\..\apps\vaporgui\moc\moc_colorbarwidget.cpp">
      <Filter>Generated MOC Files</Filter>
    </ClCompile>
    <ClCompile Include="..\..\..\apps\vaporgui\moc\moc_opacitywidget.cpp">
      <Filter>Generated MOC Files</Filter>
    </ClCompile>
    <ClCompile Include="..\..\..\apps\vaporgui\moc\moc_domainwidget.cpp">
      <Filter>Generated MOC Files</Filter>
    </ClCompile>
    <ClCompile Include="..\..\..\apps\vaporgui\moc\moc_glwidget.cpp">
      <Filter>Generated MOC Files</Filter>
    </ClCompile>
    <ClCompile Include="..\..\..\apps\vaporgui\guis\qtthumbwheel.cpp">
      <Filter>Source Files</Filter>
    </ClCompile>
    <ClCompile Include="..\..\..\apps\vaporgui\moc\moc_qtthumbwheel.cpp">
      <Filter>Generated MOC Files</Filter>
    </ClCompile>
    <ClCompile Include="..\..\..\apps\vaporgui\guis\imageframe.cpp">
      <Filter>Source Files</Filter>
    </ClCompile>
    <ClCompile Include="..\..\..\apps\vaporgui\moc\moc_imageframe.cpp">
      <Filter>Generated MOC Files</Filter>
    </ClCompile>
    <ClCompile Include="..\..\..\apps\vaporgui\moc\moc_variablesWidget.cpp">
      <Filter>Generated MOC Files</Filter>
    </ClCompile>
    <ClCompile Include="..\..\..\apps\vaporgui\guis\variablesWidget.cpp">
      <Filter>Source Files</Filter>
    </ClCompile>
    <ClCompile Include="..\..\..\apps\vaporgui\guis\helloeventrouter.cpp">
      <Filter>Source Files</Filter>
    </ClCompile>
    <ClCompile Include="..\..\..\apps\vaporgui\moc\moc_helloeventrouter.cpp">
      <Filter>Generated MOC Files</Filter>
    </ClCompile>
    <ClCompile Include="..\..\..\apps\vaporgui\guis\vizfeatureeventrouter.cpp">
      <Filter>Source Files</Filter>
    </ClCompile>
    <ClCompile Include="..\..\..\apps\vaporgui\moc\moc_vizfeatureeventrouter.cpp">
      <Filter>Generated MOC Files</Filter>
    </ClCompile>
    <ClCompile Include="..\..\..\apps\vaporgui\moc\moc_appSettingseventrouter.cpp">
      <Filter>Generated MOC Files</Filter>
    </ClCompile>
    <ClCompile Include="..\..\..\apps\vaporgui\moc\moc_startupeventrouter.cpp">
      <Filter>Generated MOC Files</Filter>
    </ClCompile>
    <ClCompile Include="..\..\..\apps\vaporgui\guis\appSettingseventrouter.cpp">
      <Filter>Source Files</Filter>
    </ClCompile>
    <ClCompile Include="..\..\..\apps\vaporgui\guis\startupeventrouter.cpp">
      <Filter>Source Files</Filter>
    </ClCompile>
    <ClCompile Include="..\..\..\apps\vaporgui\main\messagereporter.cpp">
      <Filter>Source Files</Filter>
    </ClCompile>
    <ClCompile Include="..\..\..\apps\vaporgui\guis\colorbarsettings.cpp">
      <Filter>Source Files</Filter>
    </ClCompile>
    <ClCompile Include="..\..\..\apps\vaporgui\moc\moc_colorbarsettings.cpp">
      <Filter>Generated MOC Files</Filter>
    </ClCompile>
    <ClCompile Include="..\..\..\apps\vaporgui\moc\moc_geometryWidget.cpp">
      <Filter>Generated MOC Files</Filter>
    </ClCompile>
    <ClCompile Include="..\..\..\apps\vaporgui\guis\geometryWidget.cpp">
      <Filter>Source Files</Filter>
    </ClCompile>
    <ClCompile Include="..\..\..\apps\vaporgui\guis\imageeventrouter.cpp">
      <Filter>Source Files</Filter>
    </ClCompile>
    <ClCompile Include="..\..\..\apps\vaporgui\moc\moc_imageeventrouter.cpp">
      <Filter>Generated MOC Files</Filter>
    </ClCompile>
    <ClCompile Include="..\..\..\apps\vaporgui\guis\glimagewindow.cpp">
      <Filter>Source Files</Filter>
    </ClCompile>
    <ClCompile Include="..\..\..\apps\vaporgui\guis\gltwoddataimagewindow.cpp">
      <Filter>Source Files</Filter>
    </ClCompile>
    <ClCompile Include="..\..\..\apps\vaporgui\guis\twoddataeventrouter.cpp">
      <Filter>Source Files</Filter>
    </ClCompile>
    <ClCompile Include="..\..\..\apps\vaporgui\moc\moc_twoddataeventrouter.cpp">
      <Filter>Generated MOC Files</Filter>
    </ClCompile>
    <ClCompile Include="..\..\..\apps\vaporgui\guis\SliderTextCombo.cpp">
      <Filter>Source Files</Filter>
    </ClCompile>
    <ClCompile Include="..\..\..\apps\vaporgui\moc\moc_SliderTextCombo.cpp">
      <Filter>Generated MOC Files</Filter>
    </ClCompile>
    <ClCompile Include="..\..\..\apps\vaporgui\guis\seedlisteditor.cpp">
      <Filter>Source Files</Filter>
    </ClCompile>
    <ClCompile Include="..\..\..\apps\vaporgui\guis\streameventrouter.cpp">
      <Filter>Source Files</Filter>
    </ClCompile>
    <ClCompile Include="..\..\..\apps\vaporgui\moc\moc_streameventrouter.cpp">
      <Filter>Generated MOC Files</Filter>
    </ClCompile>
    <ClCompile Include="..\..\..\apps\vaporgui\moc\moc_seedlisteditor.cpp">
      <Filter>Generated MOC Files</Filter>
    </ClCompile>
    <ClCompile Include="..\..\..\apps\vaporgui\guis\RangeController.cpp">
      <Filter>Source Files</Filter>
    </ClCompile>
    <ClCompile Include="..\..\..\apps\vaporgui\guis\plot.cpp">
      <Filter>Source Files</Filter>
    </ClCompile>
    <ClCompile Include="..\..\..\apps\vaporgui\guis\seedMe.cpp">
      <Filter>Source Files</Filter>
    </ClCompile>
    <ClCompile Include="..\..\..\apps\vaporgui\guis\statistics.cpp">
      <Filter>Source Files</Filter>
    </ClCompile>
    <ClCompile Include="..\..\..\apps\vaporgui\moc\moc_plot.cpp">
      <Filter>Generated MOC Files</Filter>
    </ClCompile>
    <ClCompile Include="..\..\..\apps\vaporgui\moc\moc_RangeController.cpp">
      <Filter>Generated MOC Files</Filter>
    </ClCompile>
    <ClCompile Include="..\..\..\apps\vaporgui\moc\moc_seedMe.cpp">
      <Filter>Generated MOC Files</Filter>
    </ClCompile>
    <ClCompile Include="..\..\..\apps\vaporgui\moc\moc_statistics.cpp">
      <Filter>Generated MOC Files</Filter>
    </ClCompile>
  </ItemGroup>
  <ItemGroup>
    <ClInclude Include="..\..\..\apps\vaporgui\guis\eventrouter.h">
      <Filter>Header Files</Filter>
    </ClInclude>
    <ClInclude Include="..\..\..\apps\vaporgui\guis\glisolinewindow.h">
      <Filter>Header Files</Filter>
    </ClInclude>
    <ClInclude Include="..\..\..\include\vapor\ExtensionGuis.h">
      <Filter>Header Files</Filter>
    </ClInclude>
    <ClInclude Include="..\..\..\apps\vaporgui\main\messagereporter.h">
      <Filter>Header Files</Filter>
    </ClInclude>
    <ClInclude Include="..\..\..\apps\vaporgui\guis\subeventrouter.h">
      <Filter>Header Files</Filter>
    </ClInclude>
    <ClInclude Include="..\..\..\apps\vaporgui\guis\glimagewindow.h">
      <Filter>Header Files</Filter>
    </ClInclude>
    <ClInclude Include="..\..\..\apps\vaporgui\guis\gltwoddataimagewindow.h">
      <Filter>Header Files</Filter>
    </ClInclude>
    <ClInclude Include="..\..\..\apps\vaporgui\guis\ui\animationTab.h">
      <Filter>Generated Form Files</Filter>
    </ClInclude>
    <ClInclude Include="..\..\..\apps\vaporgui\guis\ui\appSettingsTab.h">
      <Filter>Generated Form Files</Filter>
    </ClInclude>
    <ClInclude Include="..\..\..\apps\vaporgui\guis\ui\barbAppearanceSubtab.h">
      <Filter>Generated Form Files</Filter>
    </ClInclude>
    <ClInclude Include="..\..\..\apps\vaporgui\guis\ui\boxframe.h">
      <Filter>Generated Form Files</Filter>
    </ClInclude>
    <ClInclude Include="..\..\..\apps\vaporgui\guis\ui\colorbarframe.h">
      <Filter>Generated Form Files</Filter>
    </ClInclude>
    <ClInclude Include="..\..\..\apps\vaporgui\guis\ui\contourAppearanceSubtab.h">
      <Filter>Generated Form Files</Filter>
    </ClInclude>
    <ClInclude Include="..\..\..\apps\vaporgui\guis\ui\contourImageSubtab.h">
      <Filter>Generated Form Files</Filter>
    </ClInclude>
    <ClInclude Include="..\..\..\apps\vaporgui\guis\ui\contourIsovaluesSubtab.h">
      <Filter>Generated Form Files</Filter>
    </ClInclude>
    <ClInclude Include="..\..\..\apps\vaporgui\guis\ui\ControlPointEditorBase.h">
      <Filter>Generated Form Files</Filter>
    </ClInclude>
    <ClInclude Include="..\..\..\apps\vaporgui\guis\ui\fieldAppearanceSubtab.h">
      <Filter>Generated Form Files</Filter>
    </ClInclude>
    <ClInclude Include="..\..\..\apps\vaporgui\guis\ui\geometrySubtab.h">
      <Filter>Generated Form Files</Filter>
    </ClInclude>
    <ClInclude Include="..\..\..\apps\vaporgui\guis\ui\helloAppearanceSubtab.h">
      <Filter>Generated Form Files</Filter>
    </ClInclude>
    <ClInclude Include="..\..\..\apps\vaporgui\guis\ui\helloLayoutSubtab.h">
      <Filter>Generated Form Files</Filter>
    </ClInclude>
    <ClInclude Include="..\..\..\apps\vaporgui\guis\ui\imageAppearanceSubtab.h">
      <Filter>Generated Form Files</Filter>
    </ClInclude>
    <ClInclude Include="..\..\..\apps\vaporgui\guis\ui\imageImageSubtab.h">
      <Filter>Generated Form Files</Filter>
    </ClInclude>
    <ClInclude Include="..\..\..\apps\vaporgui\guis\ui\newRendererDialog.h">
      <Filter>Generated Form Files</Filter>
    </ClInclude>
    <ClInclude Include="..\..\..\apps\vaporgui\guis\ui\regionTab.h">
      <Filter>Generated Form Files</Filter>
    </ClInclude>
    <ClInclude Include="..\..\..\apps\vaporgui\guis\ui\renderselector.h">
      <Filter>Generated Form Files</Filter>
    </ClInclude>
    <ClInclude Include="..\..\..\apps\vaporgui\guis\ui\seedingSubtab.h">
      <Filter>Generated Form Files</Filter>
    </ClInclude>
    <ClInclude Include="..\..\..\apps\vaporgui\guis\ui\startupTab.h">
      <Filter>Generated Form Files</Filter>
    </ClInclude>
    <ClInclude Include="..\..\..\apps\vaporgui\guis\ui\twoDDataImageSubtab.h">
      <Filter>Generated Form Files</Filter>
    </ClInclude>
    <ClInclude Include="..\..\..\apps\vaporgui\guis\ui\variablesSubtab.h">
      <Filter>Generated Form Files</Filter>
    </ClInclude>
    <ClInclude Include="..\..\..\apps\vaporgui\guis\ui\vizfeaturesTab.h">
      <Filter>Generated Form Files</Filter>
    </ClInclude>
    <ClInclude Include="..\..\..\apps\vaporgui\guis\ui\vizTab.h">
      <Filter>Generated Form Files</Filter>
    </ClInclude>
    <ClInclude Include="..\..\..\apps\vaporgui\guis\RangeController.h">
      <Filter>Header Files</Filter>
    </ClInclude>
    <ClInclude Include="..\..\..\apps\vaporgui\guis\plot.h">
      <Filter>Header Files</Filter>
    </ClInclude>
    <ClInclude Include="..\..\..\apps\vaporgui\guis\seedMe.h">
      <Filter>Header Files</Filter>
    </ClInclude>
    <ClInclude Include="..\..\..\apps\vaporgui\guis\statistics.h">
      <Filter>Header Files</Filter>
    </ClInclude>
    <ClInclude Include="..\..\..\apps\vaporgui\guis\ui\errMsg.h">
      <Filter>Generated Form Files</Filter>
    </ClInclude>
    <ClInclude Include="..\..\..\apps\vaporgui\guis\ui\firstTimeUser.h">
      <Filter>Generated Form Files</Filter>
    </ClInclude>
    <ClInclude Include="..\..\..\apps\vaporgui\guis\ui\plotWindow.h">
      <Filter>Generated Form Files</Filter>
    </ClInclude>
    <ClInclude Include="..\..\..\apps\vaporgui\guis\ui\statsWindow.h">
      <Filter>Generated Form Files</Filter>
    </ClInclude>
  </ItemGroup>
  <ItemGroup>
    <CustomBuild Include="..\..\..\apps\vaporgui\guis\animationeventrouter.h">
      <Filter>Header Files</Filter>
    </CustomBuild>
    <CustomBuild Include="..\..\..\apps\vaporgui\guis\arroweventrouter.h">
      <Filter>Header Files</Filter>
    </CustomBuild>
    <CustomBuild Include="..\..\..\apps\vaporgui\guis\boxsliderframe.h">
      <Filter>Header Files</Filter>
    </CustomBuild>
    <CustomBuild Include="..\..\..\apps\vaporgui\guis\regioneventrouter.h">
      <Filter>Header Files</Filter>
    </CustomBuild>
    <CustomBuild Include="..\..\..\apps\vaporgui\main\tabmanager.h">
      <Filter>Header Files</Filter>
    </CustomBuild>
    <CustomBuild Include="..\..\..\apps\vaporgui\guis\viewpointeventrouter.h">
      <Filter>Header Files</Filter>
    </CustomBuild>
    <CustomBuild Include="..\..\..\apps\vaporgui\guis\vizselectcombo.h">
      <Filter>Header Files</Filter>
    </CustomBuild>
    <CustomBuild Include="..\..\..\apps\vaporgui\main\vizwin.h">
      <Filter>Header Files</Filter>
    </CustomBuild>
    <CustomBuild Include="..\..\..\apps\vaporgui\guis\ui\animationtab.ui">
      <Filter>Forms</Filter>
    </CustomBuild>
    <CustomBuild Include="..\..\..\apps\vaporgui\guis\ui\boxframe.ui">
      <Filter>Forms</Filter>
    </CustomBuild>
    <CustomBuild Include="..\..\..\apps\vaporgui\guis\ui\regiontab.ui">
      <Filter>Forms</Filter>
    </CustomBuild>
    <CustomBuild Include="..\..\..\apps\vaporgui\guis\ui\viztab.ui">
      <Filter>Forms</Filter>
    </CustomBuild>
    <CustomBuild Include="..\..\..\apps\vaporgui\main\vizwinmgr.h">
      <Filter>Header Files</Filter>
    </CustomBuild>
    <CustomBuild Include="..\..\..\apps\vaporgui\main\mainform.h">
      <Filter>Header Files</Filter>
    </CustomBuild>
    <CustomBuild Include="..\..\..\apps\vaporgui\misc\bannergui.h">
      <Filter>Header Files</Filter>
    </CustomBuild>
    <CustomBuild Include="..\..\..\apps\vaporgui\guis\ui\renderselector.ui">
      <Filter>Forms</Filter>
    </CustomBuild>
    <CustomBuild Include="..\..\..\apps\vaporgui\guis\renderholder.h">
      <Filter>Header Files</Filter>
    </CustomBuild>
    <CustomBuild Include="..\..\..\apps\vaporgui\guis\ui\newRendererDialog.ui">
      <Filter>Forms</Filter>
    </CustomBuild>
    <CustomBuild Include="..\..\..\apps\vaporgui\guis\ui\ControlPointEditorBase.ui">
      <Filter>Forms</Filter>
    </CustomBuild>
    <CustomBuild Include="..\..\..\apps\vaporgui\guis\isolineeventrouter.h">
      <Filter>Header Files</Filter>
    </CustomBuild>
    <CustomBuild Include="..\..\..\apps\vaporgui\guis\ControlPointEditor.h">
      <Filter>Header Files</Filter>
    </CustomBuild>
    <CustomBuild Include="..\..\..\apps\vaporgui\guis\isovalueeditor.h">
      <Filter>Header Files</Filter>
    </CustomBuild>
    <CustomBuild Include="..\..\..\apps\vaporgui\guis\mappingframe.h">
      <Filter>Header Files</Filter>
    </CustomBuild>
    <CustomBuild Include="..\..\..\apps\vaporgui\guis\ColorbarWidget.h">
      <Filter>Header Files</Filter>
    </CustomBuild>
    <CustomBuild Include="..\..\..\apps\vaporgui\guis\OpacityWidget.h">
      <Filter>Header Files</Filter>
    </CustomBuild>
    <CustomBuild Include="..\..\..\apps\vaporgui\guis\DomainWidget.h">
      <Filter>Header Files</Filter>
    </CustomBuild>
    <CustomBuild Include="..\..\..\apps\vaporgui\guis\GLWidget.h">
      <Filter>Header Files</Filter>
    </CustomBuild>
    <CustomBuild Include="..\..\..\apps\vaporgui\guis\qtthumbwheel.h">
      <Filter>Header Files</Filter>
    </CustomBuild>
    <CustomBuild Include="..\..\..\apps\vaporgui\guis\imageframe.h">
      <Filter>Header Files</Filter>
    </CustomBuild>
    <CustomBuild Include="..\..\..\apps\vaporgui\guis\variablesWidget.h">
      <Filter>Header Files</Filter>
    </CustomBuild>
    <CustomBuild Include="..\..\..\apps\vaporgui\guis\helloeventrouter.h">
      <Filter>Header Files</Filter>
    </CustomBuild>
    <CustomBuild Include="..\..\..\apps\vaporgui\guis\vizfeatureeventrouter.h">
      <Filter>Header Files</Filter>
    </CustomBuild>
    <CustomBuild Include="..\..\..\apps\vaporgui\guis\appSettingseventrouter.h">
      <Filter>Header Files</Filter>
    </CustomBuild>
    <CustomBuild Include="..\..\..\apps\vaporgui\guis\startupeventrouter.h">
      <Filter>Header Files</Filter>
    </CustomBuild>
    <CustomBuild Include="..\..\..\apps\vaporgui\guis\ui\colorbarframe.ui">
      <Filter>Forms</Filter>
    </CustomBuild>
    <CustomBuild Include="..\..\..\apps\vaporgui\guis\colorbarsettings.h">
      <Filter>Header Files</Filter>
    </CustomBuild>
    <CustomBuild Include="..\..\..\apps\vaporgui\guis\geometryWidget.h">
      <Filter>Header Files</Filter>
    </CustomBuild>
    <CustomBuild Include="..\..\..\apps\vaporgui\guis\imageeventrouter.h">
      <Filter>Header Files</Filter>
    </CustomBuild>
    <CustomBuild Include="..\..\..\apps\vaporgui\guis\ui\barbAppearanceSubtab.ui">
      <Filter>Forms</Filter>
    </CustomBuild>
    <CustomBuild Include="..\..\..\apps\vaporgui\guis\ui\contourAppearanceSubtab.ui">
      <Filter>Forms</Filter>
    </CustomBuild>
    <CustomBuild Include="..\..\..\apps\vaporgui\guis\ui\contourImageSubtab.ui">
      <Filter>Forms</Filter>
    </CustomBuild>
    <CustomBuild Include="..\..\..\apps\vaporgui\guis\ui\contourIsovaluesSubtab.ui">
      <Filter>Forms</Filter>
    </CustomBuild>
    <CustomBuild Include="..\..\..\apps\vaporgui\guis\ui\fieldAppearanceSubtab.ui">
      <Filter>Forms</Filter>
    </CustomBuild>
    <CustomBuild Include="..\..\..\apps\vaporgui\guis\ui\geometrySubtab.ui">
      <Filter>Forms</Filter>
    </CustomBuild>
    <CustomBuild Include="..\..\..\apps\vaporgui\guis\ui\helloAppearanceSubtab.ui">
      <Filter>Forms</Filter>
    </CustomBuild>
    <CustomBuild Include="..\..\..\apps\vaporgui\guis\ui\helloLayoutSubtab.ui">
      <Filter>Forms</Filter>
    </CustomBuild>
    <CustomBuild Include="..\..\..\apps\vaporgui\guis\ui\imageAppearanceSubtab.ui">
      <Filter>Forms</Filter>
    </CustomBuild>
    <CustomBuild Include="..\..\..\apps\vaporgui\guis\ui\imageImageSubtab.ui">
      <Filter>Forms</Filter>
    </CustomBuild>
    <CustomBuild Include="..\..\..\apps\vaporgui\guis\ui\seedingSubtab.ui">
      <Filter>Forms</Filter>
    </CustomBuild>
    <CustomBuild Include="..\..\..\apps\vaporgui\guis\ui\variablesSubtab.ui">
      <Filter>Forms</Filter>
    </CustomBuild>
    <CustomBuild Include="..\..\..\apps\vaporgui\guis\ui\appSettingsTab.ui">
      <Filter>Forms</Filter>
    </CustomBuild>
    <CustomBuild Include="..\..\..\apps\vaporgui\guis\ui\startupTab.ui">
      <Filter>Forms</Filter>
    </CustomBuild>
    <CustomBuild Include="..\..\..\apps\vaporgui\guis\ui\vizFeaturesTab.ui">
      <Filter>Forms</Filter>
    </CustomBuild>
    <CustomBuild Include="..\..\..\apps\vaporgui\guis\ui\twoDDataImageSubtab.ui">
      <Filter>Forms</Filter>
    </CustomBuild>
    <CustomBuild Include="..\..\..\apps\vaporgui\guis\twoddataeventrouter.h">
      <Filter>Header Files</Filter>
    </CustomBuild>
    <CustomBuild Include="..\..\..\apps\vaporgui\guis\ui\twoDAppearanceSubtab.ui">
      <Filter>Forms</Filter>
    </CustomBuild>
    <CustomBuild Include="..\..\..\apps\vaporgui\guis\SliderTextCombo.h">
      <Filter>Header Files</Filter>
    </CustomBuild>
    <CustomBuild Include="..\..\..\apps\vaporgui\guis\streameventrouter.h">
      <Filter>Header Files</Filter>
    </CustomBuild>
    <CustomBuild Include="..\..\..\apps\vaporgui\guis\seedlisteditor.h">
      <Filter>Header Files</Filter>
    </CustomBuild>
  </ItemGroup>
  <ItemGroup>
    <None Include="..\..\..\apps\vaporgui\guis\ui\errMsg.ui">
      <Filter>Forms</Filter>
    </None>
    <None Include="..\..\..\apps\vaporgui\guis\ui\firstTimeUser.ui">
      <Filter>Forms</Filter>
    </None>
    <None Include="..\..\..\apps\vaporgui\guis\ui\plotWindow.ui">
      <Filter>Forms</Filter>
    </None>
    <None Include="..\..\..\apps\vaporgui\guis\ui\seedMeGUI.ui">
      <Filter>Forms</Filter>
    </None>
    <None Include="..\..\..\apps\vaporgui\guis\ui\statsWindow.ui">
      <Filter>Forms</Filter>
    </None>
  </ItemGroup>
</Project>