Microsoft Visual Studio Solution File, Format Version 12.00
# Visual Studio 14
VisualStudioVersion = 14.0.25420.1
MinimumVisualStudioVersion = 10.0.40219.1
Project("{2150E333-8FDC-42A3-9474-1A3956D46DE8}") = "Solution Items", "Solution Items", "{58F96DD4-77D9-415C-9484-95BD1A6CD6EE}"
EndProject
Project("{8BC9CEB8-8B4A-11D0-8D11-00A0C91BC942}") = "vaporgui", "..\vaporgui\vaporgui.vcxproj", "{2A421CB7-58B3-3747-A570-E36BF03CEA3F}"
	ProjectSection(ProjectDependencies) = postProject
		{ACC2B70E-03E2-4C14-ADC4-3DFEAC29CCCC} = {ACC2B70E-03E2-4C14-ADC4-3DFEAC29CCCC}
		{91C4E098-BC79-4784-94B7-C96B3548682D} = {91C4E098-BC79-4784-94B7-C96B3548682D}
		{E8FB619B-48D3-4B7E-B3F0-88939299995A} = {E8FB619B-48D3-4B7E-B3F0-88939299995A}
		{9410E1BA-CC62-46BF-B19D-69473EDDCE03} = {9410E1BA-CC62-46BF-B19D-69473EDDCE03}
	EndProjectSection
EndProject
Project("{8BC9CEB8-8B4A-11D0-8D11-00A0C91BC942}") = "common", "common.vcxproj", "{29C8AC86-3D4B-4081-9D20-0770B10C4D30}"
EndProject
Project("{8BC9CEB8-8B4A-11D0-8D11-00A0C91BC942}") = "params", "..\params\params.vcxproj", "{E8FB619B-48D3-4B7E-B3F0-88939299995A}"
	ProjectSection(ProjectDependencies) = postProject
		{ACC2B70E-03E2-4C14-ADC4-3DFEAC29CCCC} = {ACC2B70E-03E2-4C14-ADC4-3DFEAC29CCCC}
		{91C4E098-BC79-4784-94B7-C96B3548682D} = {91C4E098-BC79-4784-94B7-C96B3548682D}
	EndProjectSection
EndProject
Project("{8BC9CEB8-8B4A-11D0-8D11-00A0C91BC942}") = "render", "..\render\render.vcxproj", "{9FD418C0-1BFF-4BA3-B901-3AC872588F06}"
	ProjectSection(ProjectDependencies) = postProject
		{ACC2B70E-03E2-4C14-ADC4-3DFEAC29CCCC} = {ACC2B70E-03E2-4C14-ADC4-3DFEAC29CCCC}
		{91C4E098-BC79-4784-94B7-C96B3548682D} = {91C4E098-BC79-4784-94B7-C96B3548682D}
		{E8FB619B-48D3-4B7E-B3F0-88939299995A} = {E8FB619B-48D3-4B7E-B3F0-88939299995A}
		{9410E1BA-CC62-46BF-B19D-69473EDDCE03} = {9410E1BA-CC62-46BF-B19D-69473EDDCE03}
	EndProjectSection
EndProject
Project("{8BC9CEB8-8B4A-11D0-8D11-00A0C91BC942}") = "asciitf2vtf", "..\asciitf2vtf\asciitf2vtf.vcxproj", "{110B2E1A-E116-46FE-BEFE-F63B558549BD}"
	ProjectSection(ProjectDependencies) = postProject
		{E8FB619B-48D3-4B7E-B3F0-88939299995A} = {E8FB619B-48D3-4B7E-B3F0-88939299995A}
	EndProjectSection
EndProject
Project("{8BC9CEB8-8B4A-11D0-8D11-00A0C91BC942}") = "tiffToGeotiff", "..\tiffToGeotiff\tiffToGeotiff.vcxproj", "{602EBD94-0F3E-4EAA-90F6-503D18A67272}"
EndProject
Project("{54435603-DBB4-11D2-8724-00A0C9A8B90C}") = "installx64", "..\installx64\installx64.vdproj", "{B40ABD0D-E6C7-4EBD-90D5-D5C751DAA268}"
EndProject
Project("{8BC9CEB8-8B4A-11D0-8D11-00A0C91BC942}") = "flow", "..\flow\flow.vcxproj", "{9410E1BA-CC62-46BF-B19D-69473EDDCE03}"
	ProjectSection(ProjectDependencies) = postProject
		{ACC2B70E-03E2-4C14-ADC4-3DFEAC29CCCC} = {ACC2B70E-03E2-4C14-ADC4-3DFEAC29CCCC}
		{29C8AC86-3D4B-4081-9D20-0770B10C4D30} = {29C8AC86-3D4B-4081-9D20-0770B10C4D30}
		{91C4E098-BC79-4784-94B7-C96B3548682D} = {91C4E098-BC79-4784-94B7-C96B3548682D}
		{E8FB619B-48D3-4B7E-B3F0-88939299995A} = {E8FB619B-48D3-4B7E-B3F0-88939299995A}
	EndProjectSection
EndProject
Project("{8BC9CEB8-8B4A-11D0-8D11-00A0C91BC942}") = "vdc2raw", "..\vdc2raw\vdc2raw.vcxproj", "{8A557FCC-7933-4D7A-9A67-C2EAAB5ABF71}"
	ProjectSection(ProjectDependencies) = postProject
		{ACC2B70E-03E2-4C14-ADC4-3DFEAC29CCCC} = {ACC2B70E-03E2-4C14-ADC4-3DFEAC29CCCC}
		{4E6A655A-0B4A-4FE7-A056-BE4A1AA52638} = {4E6A655A-0B4A-4FE7-A056-BE4A1AA52638}
		{29C8AC86-3D4B-4081-9D20-0770B10C4D30} = {29C8AC86-3D4B-4081-9D20-0770B10C4D30}
		{91C4E098-BC79-4784-94B7-C96B3548682D} = {91C4E098-BC79-4784-94B7-C96B3548682D}
	EndProjectSection
EndProject
Project("{8BC9CEB8-8B4A-11D0-8D11-00A0C91BC942}") = "wasp", "..\wasp\wasp.vcxproj", "{ACC2B70E-03E2-4C14-ADC4-3DFEAC29CCCC}"
	ProjectSection(ProjectDependencies) = postProject
		{29C8AC86-3D4B-4081-9D20-0770B10C4D30} = {29C8AC86-3D4B-4081-9D20-0770B10C4D30}
	EndProjectSection
EndProject
Project("{8BC9CEB8-8B4A-11D0-8D11-00A0C91BC942}") = "raw2vdc", "..\raw2vdc\raw2vdc.vcxproj", "{3D889BD5-C9D4-4F25-9664-E111D6CD1FB9}"
	ProjectSection(ProjectDependencies) = postProject
		{91C4E098-BC79-4784-94B7-C96B3548682D} = {91C4E098-BC79-4784-94B7-C96B3548682D}
	EndProjectSection
EndProject
Project("{8BC9CEB8-8B4A-11D0-8D11-00A0C91BC942}") = "wrfvdccreate", "..\wrfvdccreate\wrfvdccreate.vcxproj", "{31C701B3-60F3-48DC-9445-83BC83A9821B}"
	ProjectSection(ProjectDependencies) = postProject
		{ACC2B70E-03E2-4C14-ADC4-3DFEAC29CCCC} = {ACC2B70E-03E2-4C14-ADC4-3DFEAC29CCCC}
		{91C4E098-BC79-4784-94B7-C96B3548682D} = {91C4E098-BC79-4784-94B7-C96B3548682D}
	EndProjectSection
EndProject
Project("{8BC9CEB8-8B4A-11D0-8D11-00A0C91BC942}") = "wrf2vdc", "..\wrf2vdc\wrf2vdc.vcxproj", "{C7A1F828-2D46-4609-B92A-326DD3C5A6FC}"
	ProjectSection(ProjectDependencies) = postProject
		{ACC2B70E-03E2-4C14-ADC4-3DFEAC29CCCC} = {ACC2B70E-03E2-4C14-ADC4-3DFEAC29CCCC}
		{91C4E098-BC79-4784-94B7-C96B3548682D} = {91C4E098-BC79-4784-94B7-C96B3548682D}
	EndProjectSection
EndProject
Project("{8BC9CEB8-8B4A-11D0-8D11-00A0C91BC942}") = "vdccreate", "..\vdccreate\vdccreate.vcxproj", "{A57612E6-649A-4C0E-8456-C4C80DB807A4}"
	ProjectSection(ProjectDependencies) = postProject
		{91C4E098-BC79-4784-94B7-C96B3548682D} = {91C4E098-BC79-4784-94B7-C96B3548682D}
	EndProjectSection
EndProject
Project("{8BC9CEB8-8B4A-11D0-8D11-00A0C91BC942}") = "vdc", "..\vdc\vdc.vcxproj", "{91C4E098-BC79-4784-94B7-C96B3548682D}"
	ProjectSection(ProjectDependencies) = postProject
		{ACC2B70E-03E2-4C14-ADC4-3DFEAC29CCCC} = {ACC2B70E-03E2-4C14-ADC4-3DFEAC29CCCC}
		{4E6A655A-0B4A-4FE7-A056-BE4A1AA52638} = {4E6A655A-0B4A-4FE7-A056-BE4A1AA52638}
	EndProjectSection
EndProject
Project("{8BC9CEB8-8B4A-11D0-8D11-00A0C91BC942}") = "test_datamgr", "..\test_datamgr\test_datamgr.vcxproj", "{13E0D369-4249-454A-AF27-81B79DA1A514}"
	ProjectSection(ProjectDependencies) = postProject
		{ACC2B70E-03E2-4C14-ADC4-3DFEAC29CCCC} = {ACC2B70E-03E2-4C14-ADC4-3DFEAC29CCCC}
	EndProjectSection
EndProject
Project("{8BC9CEB8-8B4A-11D0-8D11-00A0C91BC942}") = "test_CE", "..\test_CE\test_CE.vcxproj", "{97C96214-897F-48B6-860C-6856DC6AE0D9}"
	ProjectSection(ProjectDependencies) = postProject
		{ACC2B70E-03E2-4C14-ADC4-3DFEAC29CCCC} = {ACC2B70E-03E2-4C14-ADC4-3DFEAC29CCCC}
		{29C8AC86-3D4B-4081-9D20-0770B10C4D30} = {29C8AC86-3D4B-4081-9D20-0770B10C4D30}
		{91C4E098-BC79-4784-94B7-C96B3548682D} = {91C4E098-BC79-4784-94B7-C96B3548682D}
		{E8FB619B-48D3-4B7E-B3F0-88939299995A} = {E8FB619B-48D3-4B7E-B3F0-88939299995A}
		{9FD418C0-1BFF-4BA3-B901-3AC872588F06} = {9FD418C0-1BFF-4BA3-B901-3AC872588F06}
	EndProjectSection
EndProject
Project("{8BC9CEB8-8B4A-11D0-8D11-00A0C91BC942}") = "udunits2", "..\udunits2\udunits2.vcxproj", "{4E6A655A-0B4A-4FE7-A056-BE4A1AA52638}"
EndProject
Project("{8BC9CEB8-8B4A-11D0-8D11-00A0C91BC942}") = "wasp2raw", "..\wasp2raw\wasp2raw.vcxproj", "{F4460443-B781-46FC-B451-36E0B3D2E7FE}"
	ProjectSection(ProjectDependencies) = postProject
		{ACC2B70E-03E2-4C14-ADC4-3DFEAC29CCCC} = {ACC2B70E-03E2-4C14-ADC4-3DFEAC29CCCC}
		{29C8AC86-3D4B-4081-9D20-0770B10C4D30} = {29C8AC86-3D4B-4081-9D20-0770B10C4D30}
		{91C4E098-BC79-4784-94B7-C96B3548682D} = {91C4E098-BC79-4784-94B7-C96B3548682D}
	EndProjectSection
EndProject
Project("{8BC9CEB8-8B4A-11D0-8D11-00A0C91BC942}") = "raw2wasp", "..\raw2wasp\raw2wasp.vcxproj", "{FB7EC4E0-A21A-4741-99D3-DDEA69F4580A}"
	ProjectSection(ProjectDependencies) = postProject
		{ACC2B70E-03E2-4C14-ADC4-3DFEAC29CCCC} = {ACC2B70E-03E2-4C14-ADC4-3DFEAC29CCCC}
		{29C8AC86-3D4B-4081-9D20-0770B10C4D30} = {29C8AC86-3D4B-4081-9D20-0770B10C4D30}
		{91C4E098-BC79-4784-94B7-C96B3548682D} = {91C4E098-BC79-4784-94B7-C96B3548682D}
	EndProjectSection
EndProject
Project("{8BC9CEB8-8B4A-11D0-8D11-00A0C91BC942}") = "cf2vdc", "..\cf2vdc\cf2vdc.vcxproj", "{97265E8C-A3AE-458E-9AD3-0D386D38580C}"
	ProjectSection(ProjectDependencies) = postProject
		{29C8AC86-3D4B-4081-9D20-0770B10C4D30} = {29C8AC86-3D4B-4081-9D20-0770B10C4D30}
		{91C4E098-BC79-4784-94B7-C96B3548682D} = {91C4E098-BC79-4784-94B7-C96B3548682D}
	EndProjectSection
EndProject
Project("{8BC9CEB8-8B4A-11D0-8D11-00A0C91BC942}") = "cfvdccreate", "..\cfvdccreate\cfvdccreate.vcxproj", "{2258DDD3-8C12-4057-82FF-CEB499A5483C}"
	ProjectSection(ProjectDependencies) = postProject
		{29C8AC86-3D4B-4081-9D20-0770B10C4D30} = {29C8AC86-3D4B-4081-9D20-0770B10C4D30}
		{91C4E098-BC79-4784-94B7-C96B3548682D} = {91C4E098-BC79-4784-94B7-C96B3548682D}
	EndProjectSection
EndProject
Project("{8BC9CEB8-8B4A-11D0-8D11-00A0C91BC942}") = "ncdf2wasp", "..\ncdf2wasp\ncdf2wasp.vcxproj", "{26E2E8C0-E20D-4D96-B90D-B53B420E25F1}"
	ProjectSection(ProjectDependencies) = postProject
		{ACC2B70E-03E2-4C14-ADC4-3DFEAC29CCCC} = {ACC2B70E-03E2-4C14-ADC4-3DFEAC29CCCC}
		{29C8AC86-3D4B-4081-9D20-0770B10C4D30} = {29C8AC86-3D4B-4081-9D20-0770B10C4D30}
		{91C4E098-BC79-4784-94B7-C96B3548682D} = {91C4E098-BC79-4784-94B7-C96B3548682D}
	EndProjectSection
EndProject
Project("{8BC9CEB8-8B4A-11D0-8D11-00A0C91BC942}") = "wasp2ncdf", "..\wasp2ncdf\wasp2ncdf.vcxproj", "{E049E547-FFC3-4AFB-B4B7-58BBAB1A9120}"
	ProjectSection(ProjectDependencies) = postProject
		{ACC2B70E-03E2-4C14-ADC4-3DFEAC29CCCC} = {ACC2B70E-03E2-4C14-ADC4-3DFEAC29CCCC}
		{29C8AC86-3D4B-4081-9D20-0770B10C4D30} = {29C8AC86-3D4B-4081-9D20-0770B10C4D30}
		{91C4E098-BC79-4784-94B7-C96B3548682D} = {91C4E098-BC79-4784-94B7-C96B3548682D}
	EndProjectSection
EndProject
Project("{8BC9CEB8-8B4A-11D0-8D11-00A0C91BC942}") = "waspcreate", "..\waspcreate\waspcreate.vcxproj", "{26678AC0-D3AD-47CA-B446-FFECD9C4F7AD}"
	ProjectSection(ProjectDependencies) = postProject
		{ACC2B70E-03E2-4C14-ADC4-3DFEAC29CCCC} = {ACC2B70E-03E2-4C14-ADC4-3DFEAC29CCCC}
		{29C8AC86-3D4B-4081-9D20-0770B10C4D30} = {29C8AC86-3D4B-4081-9D20-0770B10C4D30}
		{91C4E098-BC79-4784-94B7-C96B3548682D} = {91C4E098-BC79-4784-94B7-C96B3548682D}
	EndProjectSection
EndProject
Global
	GlobalSection(SolutionConfigurationPlatforms) = preSolution
		Debug|Mixed Platforms = Debug|Mixed Platforms
		Debug|Win32 = Debug|Win32
		Debug|x64 = Debug|x64
		Release|Mixed Platforms = Release|Mixed Platforms
		Release|Win32 = Release|Win32
		Release|x64 = Release|x64
	EndGlobalSection
	GlobalSection(ProjectConfigurationPlatforms) = postSolution
		{2A421CB7-58B3-3747-A570-E36BF03CEA3F}.Debug|Mixed Platforms.ActiveCfg = Debug|x64
		{2A421CB7-58B3-3747-A570-E36BF03CEA3F}.Debug|Mixed Platforms.Build.0 = Debug|x64
		{2A421CB7-58B3-3747-A570-E36BF03CEA3F}.Debug|Win32.ActiveCfg = Debug|x64
		{2A421CB7-58B3-3747-A570-E36BF03CEA3F}.Debug|x64.ActiveCfg = Release|x64
		{2A421CB7-58B3-3747-A570-E36BF03CEA3F}.Debug|x64.Build.0 = Release|x64
		{2A421CB7-58B3-3747-A570-E36BF03CEA3F}.Release|Mixed Platforms.ActiveCfg = Release|x64
		{2A421CB7-58B3-3747-A570-E36BF03CEA3F}.Release|Mixed Platforms.Build.0 = Release|x64
		{2A421CB7-58B3-3747-A570-E36BF03CEA3F}.Release|Win32.ActiveCfg = Release|x64
		{2A421CB7-58B3-3747-A570-E36BF03CEA3F}.Release|x64.ActiveCfg = Release|x64
		{2A421CB7-58B3-3747-A570-E36BF03CEA3F}.Release|x64.Build.0 = Release|x64
		{29C8AC86-3D4B-4081-9D20-0770B10C4D30}.Debug|Mixed Platforms.ActiveCfg = Debug|x64
		{29C8AC86-3D4B-4081-9D20-0770B10C4D30}.Debug|Mixed Platforms.Build.0 = Debug|x64
		{29C8AC86-3D4B-4081-9D20-0770B10C4D30}.Debug|Win32.ActiveCfg = Debug|x64
		{29C8AC86-3D4B-4081-9D20-0770B10C4D30}.Debug|x64.ActiveCfg = Release|x64
		{29C8AC86-3D4B-4081-9D20-0770B10C4D30}.Debug|x64.Build.0 = Release|x64
		{29C8AC86-3D4B-4081-9D20-0770B10C4D30}.Release|Mixed Platforms.ActiveCfg = Release|x64
		{29C8AC86-3D4B-4081-9D20-0770B10C4D30}.Release|Mixed Platforms.Build.0 = Release|x64
		{29C8AC86-3D4B-4081-9D20-0770B10C4D30}.Release|Win32.ActiveCfg = Release|x64
		{29C8AC86-3D4B-4081-9D20-0770B10C4D30}.Release|x64.ActiveCfg = Release|x64
		{29C8AC86-3D4B-4081-9D20-0770B10C4D30}.Release|x64.Build.0 = Release|x64
		{E8FB619B-48D3-4B7E-B3F0-88939299995A}.Debug|Mixed Platforms.ActiveCfg = Debug|x64
		{E8FB619B-48D3-4B7E-B3F0-88939299995A}.Debug|Mixed Platforms.Build.0 = Debug|x64
		{E8FB619B-48D3-4B7E-B3F0-88939299995A}.Debug|Win32.ActiveCfg = Debug|x64
		{E8FB619B-48D3-4B7E-B3F0-88939299995A}.Debug|x64.ActiveCfg = Release|x64
		{E8FB619B-48D3-4B7E-B3F0-88939299995A}.Debug|x64.Build.0 = Release|x64
		{E8FB619B-48D3-4B7E-B3F0-88939299995A}.Release|Mixed Platforms.ActiveCfg = Release|x64
		{E8FB619B-48D3-4B7E-B3F0-88939299995A}.Release|Mixed Platforms.Build.0 = Release|x64
		{E8FB619B-48D3-4B7E-B3F0-88939299995A}.Release|Win32.ActiveCfg = Release|x64
		{E8FB619B-48D3-4B7E-B3F0-88939299995A}.Release|x64.ActiveCfg = Release|x64
		{E8FB619B-48D3-4B7E-B3F0-88939299995A}.Release|x64.Build.0 = Release|x64
		{9FD418C0-1BFF-4BA3-B901-3AC872588F06}.Debug|Mixed Platforms.ActiveCfg = Debug|x64
		{9FD418C0-1BFF-4BA3-B901-3AC872588F06}.Debug|Mixed Platforms.Build.0 = Debug|x64
		{9FD418C0-1BFF-4BA3-B901-3AC872588F06}.Debug|Win32.ActiveCfg = Debug|x64
		{9FD418C0-1BFF-4BA3-B901-3AC872588F06}.Debug|x64.ActiveCfg = Release|x64
		{9FD418C0-1BFF-4BA3-B901-3AC872588F06}.Debug|x64.Build.0 = Release|x64
		{9FD418C0-1BFF-4BA3-B901-3AC872588F06}.Release|Mixed Platforms.ActiveCfg = Release|x64
		{9FD418C0-1BFF-4BA3-B901-3AC872588F06}.Release|Mixed Platforms.Build.0 = Release|x64
		{9FD418C0-1BFF-4BA3-B901-3AC872588F06}.Release|Win32.ActiveCfg = Release|x64
		{9FD418C0-1BFF-4BA3-B901-3AC872588F06}.Release|x64.ActiveCfg = Release|x64
		{9FD418C0-1BFF-4BA3-B901-3AC872588F06}.Release|x64.Build.0 = Release|x64
		{110B2E1A-E116-46FE-BEFE-F63B558549BD}.Debug|Mixed Platforms.ActiveCfg = Debug|x64
		{110B2E1A-E116-46FE-BEFE-F63B558549BD}.Debug|Mixed Platforms.Build.0 = Debug|x64
		{110B2E1A-E116-46FE-BEFE-F63B558549BD}.Debug|Win32.ActiveCfg = Debug|x64
		{110B2E1A-E116-46FE-BEFE-F63B558549BD}.Debug|x64.ActiveCfg = Release|x64
		{110B2E1A-E116-46FE-BEFE-F63B558549BD}.Release|Mixed Platforms.ActiveCfg = Release|x64
		{110B2E1A-E116-46FE-BEFE-F63B558549BD}.Release|Mixed Platforms.Build.0 = Release|x64
		{110B2E1A-E116-46FE-BEFE-F63B558549BD}.Release|Win32.ActiveCfg = Release|x64
		{110B2E1A-E116-46FE-BEFE-F63B558549BD}.Release|x64.ActiveCfg = Release|x64
		{602EBD94-0F3E-4EAA-90F6-503D18A67272}.Debug|Mixed Platforms.ActiveCfg = Debug|x64
		{602EBD94-0F3E-4EAA-90F6-503D18A67272}.Debug|Mixed Platforms.Build.0 = Debug|x64
		{602EBD94-0F3E-4EAA-90F6-503D18A67272}.Debug|Win32.ActiveCfg = Debug|x64
		{602EBD94-0F3E-4EAA-90F6-503D18A67272}.Debug|x64.ActiveCfg = Release|x64
		{602EBD94-0F3E-4EAA-90F6-503D18A67272}.Debug|x64.Build.0 = Release|x64
		{602EBD94-0F3E-4EAA-90F6-503D18A67272}.Release|Mixed Platforms.ActiveCfg = Release|x64
		{602EBD94-0F3E-4EAA-90F6-503D18A67272}.Release|Mixed Platforms.Build.0 = Release|x64
		{602EBD94-0F3E-4EAA-90F6-503D18A67272}.Release|Win32.ActiveCfg = Release|x64
		{602EBD94-0F3E-4EAA-90F6-503D18A67272}.Release|x64.ActiveCfg = Release|x64
		{602EBD94-0F3E-4EAA-90F6-503D18A67272}.Release|x64.Build.0 = Release|x64
		{B40ABD0D-E6C7-4EBD-90D5-D5C751DAA268}.Debug|Mixed Platforms.ActiveCfg = Debug
		{B40ABD0D-E6C7-4EBD-90D5-D5C751DAA268}.Debug|Mixed Platforms.Build.0 = Debug
		{B40ABD0D-E6C7-4EBD-90D5-D5C751DAA268}.Debug|Win32.ActiveCfg = Debug
		{B40ABD0D-E6C7-4EBD-90D5-D5C751DAA268}.Debug|Win32.Build.0 = Debug
		{B40ABD0D-E6C7-4EBD-90D5-D5C751DAA268}.Debug|x64.ActiveCfg = Release
		{B40ABD0D-E6C7-4EBD-90D5-D5C751DAA268}.Release|Mixed Platforms.ActiveCfg = Release
		{B40ABD0D-E6C7-4EBD-90D5-D5C751DAA268}.Release|Mixed Platforms.Build.0 = Release
		{B40ABD0D-E6C7-4EBD-90D5-D5C751DAA268}.Release|Win32.ActiveCfg = Release
		{B40ABD0D-E6C7-4EBD-90D5-D5C751DAA268}.Release|Win32.Build.0 = Release
		{B40ABD0D-E6C7-4EBD-90D5-D5C751DAA268}.Release|x64.ActiveCfg = Release
		{9410E1BA-CC62-46BF-B19D-69473EDDCE03}.Debug|Mixed Platforms.ActiveCfg = Debug|x64
		{9410E1BA-CC62-46BF-B19D-69473EDDCE03}.Debug|Mixed Platforms.Build.0 = Debug|x64
		{9410E1BA-CC62-46BF-B19D-69473EDDCE03}.Debug|Win32.ActiveCfg = Debug|x64
		{9410E1BA-CC62-46BF-B19D-69473EDDCE03}.Debug|x64.ActiveCfg = Release|x64
		{9410E1BA-CC62-46BF-B19D-69473EDDCE03}.Release|Mixed Platforms.ActiveCfg = Release|x64
		{9410E1BA-CC62-46BF-B19D-69473EDDCE03}.Release|Mixed Platforms.Build.0 = Release|x64
		{9410E1BA-CC62-46BF-B19D-69473EDDCE03}.Release|Win32.ActiveCfg = Release|x64
		{9410E1BA-CC62-46BF-B19D-69473EDDCE03}.Release|x64.ActiveCfg = Release|x64
		{9410E1BA-CC62-46BF-B19D-69473EDDCE03}.Release|x64.Build.0 = Release|x64
		{8A557FCC-7933-4D7A-9A67-C2EAAB5ABF71}.Debug|Mixed Platforms.ActiveCfg = Debug|x64
		{8A557FCC-7933-4D7A-9A67-C2EAAB5ABF71}.Debug|Mixed Platforms.Build.0 = Debug|x64
		{8A557FCC-7933-4D7A-9A67-C2EAAB5ABF71}.Debug|Win32.ActiveCfg = Debug|x64
		{8A557FCC-7933-4D7A-9A67-C2EAAB5ABF71}.Debug|x64.ActiveCfg = Release|x64
		{8A557FCC-7933-4D7A-9A67-C2EAAB5ABF71}.Debug|x64.Build.0 = Release|x64
		{8A557FCC-7933-4D7A-9A67-C2EAAB5ABF71}.Release|Mixed Platforms.ActiveCfg = Release|x64
		{8A557FCC-7933-4D7A-9A67-C2EAAB5ABF71}.Release|Mixed Platforms.Build.0 = Release|x64
		{8A557FCC-7933-4D7A-9A67-C2EAAB5ABF71}.Release|Win32.ActiveCfg = Release|x64
		{8A557FCC-7933-4D7A-9A67-C2EAAB5ABF71}.Release|x64.ActiveCfg = Release|x64
		{8A557FCC-7933-4D7A-9A67-C2EAAB5ABF71}.Release|x64.Build.0 = Release|x64
		{ACC2B70E-03E2-4C14-ADC4-3DFEAC29CCCC}.Debug|Mixed Platforms.ActiveCfg = Debug|x64
		{ACC2B70E-03E2-4C14-ADC4-3DFEAC29CCCC}.Debug|Mixed Platforms.Build.0 = Debug|x64
		{ACC2B70E-03E2-4C14-ADC4-3DFEAC29CCCC}.Debug|Win32.ActiveCfg = Debug|x64
		{ACC2B70E-03E2-4C14-ADC4-3DFEAC29CCCC}.Debug|x64.ActiveCfg = Release|x64
		{ACC2B70E-03E2-4C14-ADC4-3DFEAC29CCCC}.Debug|x64.Build.0 = Release|x64
		{ACC2B70E-03E2-4C14-ADC4-3DFEAC29CCCC}.Release|Mixed Platforms.ActiveCfg = Release|x64
		{ACC2B70E-03E2-4C14-ADC4-3DFEAC29CCCC}.Release|Mixed Platforms.Build.0 = Release|x64
		{ACC2B70E-03E2-4C14-ADC4-3DFEAC29CCCC}.Release|Win32.ActiveCfg = Release|x64
		{ACC2B70E-03E2-4C14-ADC4-3DFEAC29CCCC}.Release|x64.ActiveCfg = Release|x64
		{ACC2B70E-03E2-4C14-ADC4-3DFEAC29CCCC}.Release|x64.Build.0 = Release|x64
		{3D889BD5-C9D4-4F25-9664-E111D6CD1FB9}.Debug|Mixed Platforms.ActiveCfg = Debug|x64
		{3D889BD5-C9D4-4F25-9664-E111D6CD1FB9}.Debug|Mixed Platforms.Build.0 = Debug|x64
		{3D889BD5-C9D4-4F25-9664-E111D6CD1FB9}.Debug|Win32.ActiveCfg = Debug|x64
		{3D889BD5-C9D4-4F25-9664-E111D6CD1FB9}.Debug|x64.ActiveCfg = Release|x64
		{3D889BD5-C9D4-4F25-9664-E111D6CD1FB9}.Debug|x64.Build.0 = Release|x64
		{3D889BD5-C9D4-4F25-9664-E111D6CD1FB9}.Release|Mixed Platforms.ActiveCfg = Release|x64
		{3D889BD5-C9D4-4F25-9664-E111D6CD1FB9}.Release|Mixed Platforms.Build.0 = Release|x64
		{3D889BD5-C9D4-4F25-9664-E111D6CD1FB9}.Release|Win32.ActiveCfg = Release|x64
		{3D889BD5-C9D4-4F25-9664-E111D6CD1FB9}.Release|x64.ActiveCfg = Release|x64
		{3D889BD5-C9D4-4F25-9664-E111D6CD1FB9}.Release|x64.Build.0 = Release|x64
		{31C701B3-60F3-48DC-9445-83BC83A9821B}.Debug|Mixed Platforms.ActiveCfg = Debug|x64
		{31C701B3-60F3-48DC-9445-83BC83A9821B}.Debug|Mixed Platforms.Build.0 = Debug|x64
		{31C701B3-60F3-48DC-9445-83BC83A9821B}.Debug|Win32.ActiveCfg = Debug|x64
		{31C701B3-60F3-48DC-9445-83BC83A9821B}.Debug|x64.ActiveCfg = Release|x64
		{31C701B3-60F3-48DC-9445-83BC83A9821B}.Debug|x64.Build.0 = Release|x64
		{31C701B3-60F3-48DC-9445-83BC83A9821B}.Release|Mixed Platforms.ActiveCfg = Release|x64
		{31C701B3-60F3-48DC-9445-83BC83A9821B}.Release|Mixed Platforms.Build.0 = Release|x64
		{31C701B3-60F3-48DC-9445-83BC83A9821B}.Release|Win32.ActiveCfg = Release|x64
		{31C701B3-60F3-48DC-9445-83BC83A9821B}.Release|x64.ActiveCfg = Release|x64
		{31C701B3-60F3-48DC-9445-83BC83A9821B}.Release|x64.Build.0 = Release|x64
		{C7A1F828-2D46-4609-B92A-326DD3C5A6FC}.Debug|Mixed Platforms.ActiveCfg = Debug|x64
		{C7A1F828-2D46-4609-B92A-326DD3C5A6FC}.Debug|Mixed Platforms.Build.0 = Debug|x64
		{C7A1F828-2D46-4609-B92A-326DD3C5A6FC}.Debug|Win32.ActiveCfg = Debug|x64
		{C7A1F828-2D46-4609-B92A-326DD3C5A6FC}.Debug|x64.ActiveCfg = Release|x64
		{C7A1F828-2D46-4609-B92A-326DD3C5A6FC}.Debug|x64.Build.0 = Release|x64
		{C7A1F828-2D46-4609-B92A-326DD3C5A6FC}.Release|Mixed Platforms.ActiveCfg = Release|x64
		{C7A1F828-2D46-4609-B92A-326DD3C5A6FC}.Release|Mixed Platforms.Build.0 = Release|x64
		{C7A1F828-2D46-4609-B92A-326DD3C5A6FC}.Release|Win32.ActiveCfg = Release|x64
		{C7A1F828-2D46-4609-B92A-326DD3C5A6FC}.Release|x64.ActiveCfg = Release|x64
		{C7A1F828-2D46-4609-B92A-326DD3C5A6FC}.Release|x64.Build.0 = Release|x64
		{A57612E6-649A-4C0E-8456-C4C80DB807A4}.Debug|Mixed Platforms.ActiveCfg = Debug|x64
		{A57612E6-649A-4C0E-8456-C4C80DB807A4}.Debug|Mixed Platforms.Build.0 = Debug|x64
		{A57612E6-649A-4C0E-8456-C4C80DB807A4}.Debug|Win32.ActiveCfg = Debug|x64
		{A57612E6-649A-4C0E-8456-C4C80DB807A4}.Debug|x64.ActiveCfg = Release|x64
		{A57612E6-649A-4C0E-8456-C4C80DB807A4}.Debug|x64.Build.0 = Release|x64
		{A57612E6-649A-4C0E-8456-C4C80DB807A4}.Release|Mixed Platforms.ActiveCfg = Release|x64
		{A57612E6-649A-4C0E-8456-C4C80DB807A4}.Release|Mixed Platforms.Build.0 = Release|x64
		{A57612E6-649A-4C0E-8456-C4C80DB807A4}.Release|Win32.ActiveCfg = Release|x64
		{A57612E6-649A-4C0E-8456-C4C80DB807A4}.Release|x64.ActiveCfg = Release|x64
		{A57612E6-649A-4C0E-8456-C4C80DB807A4}.Release|x64.Build.0 = Release|x64
		{91C4E098-BC79-4784-94B7-C96B3548682D}.Debug|Mixed Platforms.ActiveCfg = Debug|x64
		{91C4E098-BC79-4784-94B7-C96B3548682D}.Debug|Mixed Platforms.Build.0 = Debug|x64
		{91C4E098-BC79-4784-94B7-C96B3548682D}.Debug|Win32.ActiveCfg = Debug|x64
		{91C4E098-BC79-4784-94B7-C96B3548682D}.Debug|x64.ActiveCfg = Release|x64
		{91C4E098-BC79-4784-94B7-C96B3548682D}.Debug|x64.Build.0 = Release|x64
		{91C4E098-BC79-4784-94B7-C96B3548682D}.Release|Mixed Platforms.ActiveCfg = Release|x64
		{91C4E098-BC79-4784-94B7-C96B3548682D}.Release|Mixed Platforms.Build.0 = Release|x64
		{91C4E098-BC79-4784-94B7-C96B3548682D}.Release|Win32.ActiveCfg = Release|x64
		{91C4E098-BC79-4784-94B7-C96B3548682D}.Release|x64.ActiveCfg = Release|x64
		{91C4E098-BC79-4784-94B7-C96B3548682D}.Release|x64.Build.0 = Release|x64
		{13E0D369-4249-454A-AF27-81B79DA1A514}.Debug|Mixed Platforms.ActiveCfg = Debug|x64
		{13E0D369-4249-454A-AF27-81B79DA1A514}.Debug|Mixed Platforms.Build.0 = Debug|x64
		{13E0D369-4249-454A-AF27-81B79DA1A514}.Debug|Win32.ActiveCfg = Debug|x64
		{13E0D369-4249-454A-AF27-81B79DA1A514}.Debug|x64.ActiveCfg = Release|x64
		{13E0D369-4249-454A-AF27-81B79DA1A514}.Debug|x64.Build.0 = Release|x64
		{13E0D369-4249-454A-AF27-81B79DA1A514}.Release|Mixed Platforms.ActiveCfg = Release|x64
		{13E0D369-4249-454A-AF27-81B79DA1A514}.Release|Mixed Platforms.Build.0 = Release|x64
		{13E0D369-4249-454A-AF27-81B79DA1A514}.Release|Win32.ActiveCfg = Release|x64
		{13E0D369-4249-454A-AF27-81B79DA1A514}.Release|x64.ActiveCfg = Release|x64
		{13E0D369-4249-454A-AF27-81B79DA1A514}.Release|x64.Build.0 = Release|x64
		{97C96214-897F-48B6-860C-6856DC6AE0D9}.Debug|Mixed Platforms.ActiveCfg = Debug|x64
		{97C96214-897F-48B6-860C-6856DC6AE0D9}.Debug|Mixed Platforms.Build.0 = Debug|x64
		{97C96214-897F-48B6-860C-6856DC6AE0D9}.Debug|Win32.ActiveCfg = Debug|x64
		{97C96214-897F-48B6-860C-6856DC6AE0D9}.Debug|x64.ActiveCfg = Release|x64
		{97C96214-897F-48B6-860C-6856DC6AE0D9}.Release|Mixed Platforms.ActiveCfg = Release|x64
		{97C96214-897F-48B6-860C-6856DC6AE0D9}.Release|Mixed Platforms.Build.0 = Release|x64
		{97C96214-897F-48B6-860C-6856DC6AE0D9}.Release|Win32.ActiveCfg = Release|x64
		{97C96214-897F-48B6-860C-6856DC6AE0D9}.Release|x64.ActiveCfg = Release|x64
		{4E6A655A-0B4A-4FE7-A056-BE4A1AA52638}.Debug|Mixed Platforms.ActiveCfg = Debug|x64
		{4E6A655A-0B4A-4FE7-A056-BE4A1AA52638}.Debug|Mixed Platforms.Build.0 = Debug|x64
		{4E6A655A-0B4A-4FE7-A056-BE4A1AA52638}.Debug|Win32.ActiveCfg = Debug|x64
		{4E6A655A-0B4A-4FE7-A056-BE4A1AA52638}.Debug|x64.ActiveCfg = Release|x64
		{4E6A655A-0B4A-4FE7-A056-BE4A1AA52638}.Debug|x64.Build.0 = Release|x64
		{4E6A655A-0B4A-4FE7-A056-BE4A1AA52638}.Release|Mixed Platforms.ActiveCfg = Release|x64
		{4E6A655A-0B4A-4FE7-A056-BE4A1AA52638}.Release|Mixed Platforms.Build.0 = Release|x64
		{4E6A655A-0B4A-4FE7-A056-BE4A1AA52638}.Release|Win32.ActiveCfg = Release|x64
		{4E6A655A-0B4A-4FE7-A056-BE4A1AA52638}.Release|x64.ActiveCfg = Release|x64
		{4E6A655A-0B4A-4FE7-A056-BE4A1AA52638}.Release|x64.Build.0 = Release|x64
		{F4460443-B781-46FC-B451-36E0B3D2E7FE}.Debug|Mixed Platforms.ActiveCfg = Debug|x64
		{F4460443-B781-46FC-B451-36E0B3D2E7FE}.Debug|Mixed Platforms.Build.0 = Debug|x64
		{F4460443-B781-46FC-B451-36E0B3D2E7FE}.Debug|Win32.ActiveCfg = Debug|x64
		{F4460443-B781-46FC-B451-36E0B3D2E7FE}.Debug|x64.ActiveCfg = Release|x64
		{F4460443-B781-46FC-B451-36E0B3D2E7FE}.Debug|x64.Build.0 = Release|x64
		{F4460443-B781-46FC-B451-36E0B3D2E7FE}.Release|Mixed Platforms.ActiveCfg = Release|x64
		{F4460443-B781-46FC-B451-36E0B3D2E7FE}.Release|Mixed Platforms.Build.0 = Release|x64
		{F4460443-B781-46FC-B451-36E0B3D2E7FE}.Release|Win32.ActiveCfg = Release|x64
		{F4460443-B781-46FC-B451-36E0B3D2E7FE}.Release|x64.ActiveCfg = Release|x64
		{F4460443-B781-46FC-B451-36E0B3D2E7FE}.Release|x64.Build.0 = Release|x64
		{FB7EC4E0-A21A-4741-99D3-DDEA69F4580A}.Debug|Mixed Platforms.ActiveCfg = Debug|x64
		{FB7EC4E0-A21A-4741-99D3-DDEA69F4580A}.Debug|Mixed Platforms.Build.0 = Debug|x64
		{FB7EC4E0-A21A-4741-99D3-DDEA69F4580A}.Debug|Win32.ActiveCfg = Debug|x64
		{FB7EC4E0-A21A-4741-99D3-DDEA69F4580A}.Debug|x64.ActiveCfg = Release|x64
		{FB7EC4E0-A21A-4741-99D3-DDEA69F4580A}.Debug|x64.Build.0 = Release|x64
		{FB7EC4E0-A21A-4741-99D3-DDEA69F4580A}.Release|Mixed Platforms.ActiveCfg = Release|x64
		{FB7EC4E0-A21A-4741-99D3-DDEA69F4580A}.Release|Mixed Platforms.Build.0 = Release|x64
		{FB7EC4E0-A21A-4741-99D3-DDEA69F4580A}.Release|Win32.ActiveCfg = Release|x64
		{FB7EC4E0-A21A-4741-99D3-DDEA69F4580A}.Release|x64.ActiveCfg = Release|x64
		{FB7EC4E0-A21A-4741-99D3-DDEA69F4580A}.Release|x64.Build.0 = Release|x64
		{97265E8C-A3AE-458E-9AD3-0D386D38580C}.Debug|Mixed Platforms.ActiveCfg = Debug|x64
		{97265E8C-A3AE-458E-9AD3-0D386D38580C}.Debug|Mixed Platforms.Build.0 = Debug|x64
		{97265E8C-A3AE-458E-9AD3-0D386D38580C}.Debug|Win32.ActiveCfg = Debug|x64
		{97265E8C-A3AE-458E-9AD3-0D386D38580C}.Debug|x64.ActiveCfg = Release|x64
		{97265E8C-A3AE-458E-9AD3-0D386D38580C}.Debug|x64.Build.0 = Release|x64
		{97265E8C-A3AE-458E-9AD3-0D386D38580C}.Release|Mixed Platforms.ActiveCfg = Release|x64
		{97265E8C-A3AE-458E-9AD3-0D386D38580C}.Release|Mixed Platforms.Build.0 = Release|x64
		{97265E8C-A3AE-458E-9AD3-0D386D38580C}.Release|Win32.ActiveCfg = Release|x64
		{97265E8C-A3AE-458E-9AD3-0D386D38580C}.Release|x64.ActiveCfg = Release|x64
		{97265E8C-A3AE-458E-9AD3-0D386D38580C}.Release|x64.Build.0 = Release|x64
		{2258DDD3-8C12-4057-82FF-CEB499A5483C}.Debug|Mixed Platforms.ActiveCfg = Debug|x64
		{2258DDD3-8C12-4057-82FF-CEB499A5483C}.Debug|Mixed Platforms.Build.0 = Debug|x64
		{2258DDD3-8C12-4057-82FF-CEB499A5483C}.Debug|Win32.ActiveCfg = Debug|x64
		{2258DDD3-8C12-4057-82FF-CEB499A5483C}.Debug|x64.ActiveCfg = Release|x64
		{2258DDD3-8C12-4057-82FF-CEB499A5483C}.Debug|x64.Build.0 = Release|x64
		{2258DDD3-8C12-4057-82FF-CEB499A5483C}.Release|Mixed Platforms.ActiveCfg = Release|x64
		{2258DDD3-8C12-4057-82FF-CEB499A5483C}.Release|Mixed Platforms.Build.0 = Release|x64
		{2258DDD3-8C12-4057-82FF-CEB499A5483C}.Release|Win32.ActiveCfg = Release|x64
		{2258DDD3-8C12-4057-82FF-CEB499A5483C}.Release|x64.ActiveCfg = Release|x64
		{2258DDD3-8C12-4057-82FF-CEB499A5483C}.Release|x64.Build.0 = Release|x64
		{26E2E8C0-E20D-4D96-B90D-B53B420E25F1}.Debug|Mixed Platforms.ActiveCfg = Debug|x64
		{26E2E8C0-E20D-4D96-B90D-B53B420E25F1}.Debug|Mixed Platforms.Build.0 = Debug|x64
		{26E2E8C0-E20D-4D96-B90D-B53B420E25F1}.Debug|Win32.ActiveCfg = Debug|x64
		{26E2E8C0-E20D-4D96-B90D-B53B420E25F1}.Debug|x64.ActiveCfg = Release|x64
		{26E2E8C0-E20D-4D96-B90D-B53B420E25F1}.Debug|x64.Build.0 = Release|x64
		{26E2E8C0-E20D-4D96-B90D-B53B420E25F1}.Release|Mixed Platforms.ActiveCfg = Release|x64
		{26E2E8C0-E20D-4D96-B90D-B53B420E25F1}.Release|Mixed Platforms.Build.0 = Release|x64
		{26E2E8C0-E20D-4D96-B90D-B53B420E25F1}.Release|Win32.ActiveCfg = Release|x64
		{26E2E8C0-E20D-4D96-B90D-B53B420E25F1}.Release|x64.ActiveCfg = Release|x64
		{26E2E8C0-E20D-4D96-B90D-B53B420E25F1}.Release|x64.Build.0 = Release|x64
		{E049E547-FFC3-4AFB-B4B7-58BBAB1A9120}.Debug|Mixed Platforms.ActiveCfg = Debug|x64
		{E049E547-FFC3-4AFB-B4B7-58BBAB1A9120}.Debug|Mixed Platforms.Build.0 = Debug|x64
		{E049E547-FFC3-4AFB-B4B7-58BBAB1A9120}.Debug|Win32.ActiveCfg = Debug|x64
		{E049E547-FFC3-4AFB-B4B7-58BBAB1A9120}.Debug|x64.ActiveCfg = Release|x64
		{E049E547-FFC3-4AFB-B4B7-58BBAB1A9120}.Debug|x64.Build.0 = Release|x64
		{E049E547-FFC3-4AFB-B4B7-58BBAB1A9120}.Release|Mixed Platforms.ActiveCfg = Release|x64
		{E049E547-FFC3-4AFB-B4B7-58BBAB1A9120}.Release|Mixed Platforms.Build.0 = Release|x64
		{E049E547-FFC3-4AFB-B4B7-58BBAB1A9120}.Release|Win32.ActiveCfg = Release|x64
		{E049E547-FFC3-4AFB-B4B7-58BBAB1A9120}.Release|x64.ActiveCfg = Release|x64
		{E049E547-FFC3-4AFB-B4B7-58BBAB1A9120}.Release|x64.Build.0 = Release|x64
		{26678AC0-D3AD-47CA-B446-FFECD9C4F7AD}.Debug|Mixed Platforms.ActiveCfg = Debug|x64
		{26678AC0-D3AD-47CA-B446-FFECD9C4F7AD}.Debug|Mixed Platforms.Build.0 = Debug|x64
		{26678AC0-D3AD-47CA-B446-FFECD9C4F7AD}.Debug|Win32.ActiveCfg = Debug|x64
		{26678AC0-D3AD-47CA-B446-FFECD9C4F7AD}.Debug|x64.ActiveCfg = Release|x64
		{26678AC0-D3AD-47CA-B446-FFECD9C4F7AD}.Debug|x64.Build.0 = Release|x64
		{26678AC0-D3AD-47CA-B446-FFECD9C4F7AD}.Release|Mixed Platforms.ActiveCfg = Release|x64
		{26678AC0-D3AD-47CA-B446-FFECD9C4F7AD}.Release|Mixed Platforms.Build.0 = Release|x64
		{26678AC0-D3AD-47CA-B446-FFECD9C4F7AD}.Release|Win32.ActiveCfg = Release|x64
		{26678AC0-D3AD-47CA-B446-FFECD9C4F7AD}.Release|x64.ActiveCfg = Release|x64
		{26678AC0-D3AD-47CA-B446-FFECD9C4F7AD}.Release|x64.Build.0 = Release|x64
	EndGlobalSection
	GlobalSection(SolutionProperties) = preSolution
		HideSolutionNode = FALSE
	EndGlobalSection
EndGlobal
